<?xml version="1.0" encoding="utf-8"?>
<Project ToolsVersion="4.0" xmlns="http://schemas.microsoft.com/developer/msbuild/2003">
  <ItemGroup>
    <Filter Include="Resource Files">
      <UniqueIdentifier>{D9D6E242-F8AF-46E4-B9FD-80ECBC20BA3E}</UniqueIdentifier>
      <Extensions>qrc;*</Extensions>
      <ParseFiles>false</ParseFiles>
    </Filter>
    <Filter Include="Sources">
      <UniqueIdentifier>{4230cac4-3652-4f47-bb63-c63ed745fef6}</UniqueIdentifier>
    </Filter>
    <Filter Include="Headers">
      <UniqueIdentifier>{701d20ee-2f1b-4cac-9fe7-0cd98032ef77}</UniqueIdentifier>
    </Filter>
    <Filter Include="Headers\ODB">
      <UniqueIdentifier>{cb06e411-06a5-4ef4-891a-e9ec08e2f7f5}</UniqueIdentifier>
    </Filter>
    <Filter Include="Headers\GUI">
      <UniqueIdentifier>{9a3827a2-61d1-4498-97c6-879a9975dfa2}</UniqueIdentifier>
    </Filter>
    <Filter Include="Sources\ODB">
      <UniqueIdentifier>{b370d4aa-c91d-471e-a1cd-f0a8b7c7f435}</UniqueIdentifier>
    </Filter>
    <Filter Include="Sources\Gui">
      <UniqueIdentifier>{413314d6-facb-425f-aad9-98ff47d83bfa}</UniqueIdentifier>
    </Filter>
    <Filter Include="ODB">
      <UniqueIdentifier>{7a4c2e92-a7b2-4a38-8bfb-f066034a8f9d}</UniqueIdentifier>
    </Filter>
    <Filter Include="UI">
      <UniqueIdentifier>{6c8a41fc-89b7-4c2c-a5d7-04bbf493831e}</UniqueIdentifier>
    </Filter>
    <Filter Include="Source Files">
      <UniqueIdentifier>{4FC737F1-C7A5-4376-A066-2A32D752A2FF}</UniqueIdentifier>
      <Extensions>cpp;c;cc;cxx;def;odl;idl;hpj;bat;asm;asmx</Extensions>
      <ParseFiles>true</ParseFiles>
    </Filter>
  </ItemGroup>
  <ItemGroup>
    <ClCompile Include="Sources\GUI\addeventdialog.cpp">
      <Filter>Sources\Gui</Filter>
    </ClCompile>
    <ClCompile Include="Sources\GUI\adminwindow.cpp">
      <Filter>Sources\Gui</Filter>
    </ClCompile>
    <ClCompile Include="Sources\GUI\mainwindow.cpp">
      <Filter>Sources\Gui</Filter>
    </ClCompile>
    <ClCompile Include="Sources\ODB\event.cpp">
      <Filter>Sources\ODB</Filter>
    </ClCompile>
    <ClCompile Include="Sources\ODB\image.cpp">
      <Filter>Sources\ODB</Filter>
    </ClCompile>
    <ClCompile Include="Sources\ODB\tardis.cpp">
      <Filter>Sources\ODB</Filter>
    </ClCompile>
    <ClCompile Include="Sources\ODB\track.cpp">
      <Filter>Sources\ODB</Filter>
    </ClCompile>
    <ClCompile Include="Sources\ODB\user.cpp">
      <Filter>Sources\ODB</Filter>
    </ClCompile>
    <ClCompile Include="Sources\exif.cpp">
      <Filter>Sources</Filter>
    </ClCompile>
    <ClCompile Include="Sources\main.cpp">
      <Filter>Sources</Filter>
    </ClCompile>
    <ClCompile Include="ODB-cxx\event-odb.cxx">
      <Filter>ODB</Filter>
    </ClCompile>
    <ClCompile Include="ODB-cxx\image-odb.cxx">
      <Filter>ODB</Filter>
    </ClCompile>
    <ClCompile Include="ODB-cxx\tardis-odb.cxx">
      <Filter>ODB</Filter>
    </ClCompile>
    <ClCompile Include="ODB-cxx\track-odb.cxx">
      <Filter>ODB</Filter>
    </ClCompile>
    <ClCompile Include="ODB-cxx\user-odb.cxx">
      <Filter>ODB</Filter>
    </ClCompile>
    <ClCompile Include="Sources\GUI\userwindow.cpp">
      <Filter>Sources\Gui</Filter>
    </ClCompile>
  </ItemGroup>
  <ItemGroup>
    <QtMoc Include="Headers\GUI\addeventdialog.h">
      <Filter>Headers\GUI</Filter>
    </QtMoc>
    <QtMoc Include="Headers\GUI\adminwindow.h">
      <Filter>Headers\GUI</Filter>
    </QtMoc>
    <QtMoc Include="Headers\GUI\mainwindow.h">
      <Filter>Headers\GUI</Filter>
    </QtMoc>
    <QtMoc Include="Headers\GUI\userwindow.h">
      <Filter>Headers\GUI</Filter>
    </QtMoc>
  </ItemGroup>
  <ItemGroup>
    <ClInclude Include="Headers\ODB\database.h">
      <Filter>Headers\ODB</Filter>
    </ClInclude>
    <ClInclude Include="Headers\ODB\event.h">
      <Filter>Headers\ODB</Filter>
    </ClInclude>
    <ClInclude Include="Headers\ODB\image.h">
      <Filter>Headers\ODB</Filter>
    </ClInclude>
    <ClInclude Include="Headers\ODB\tardis.h">
      <Filter>Headers\ODB</Filter>
    </ClInclude>
    <ClInclude Include="Headers\ODB\track.h">
      <Filter>Headers\ODB</Filter>
    </ClInclude>
    <ClInclude Include="Headers\ODB\user.h">
      <Filter>Headers\ODB</Filter>
    </ClInclude>
    <ClInclude Include="Headers\exif.h">
      <Filter>Headers</Filter>
    </ClInclude>
    <ClInclude Include="ODB-hxx\event-odb.hxx">
      <Filter>ODB</Filter>
    </ClInclude>
    <ClInclude Include="ODB-hxx\image-odb.hxx">
      <Filter>ODB</Filter>
    </ClInclude>
    <ClInclude Include="ODB-hxx\tardis-odb.hxx">
      <Filter>ODB</Filter>
    </ClInclude>
    <ClInclude Include="ODB-hxx\track-odb.hxx">
      <Filter>ODB</Filter>
    </ClInclude>
    <ClInclude Include="ODB-hxx\user-odb.hxx">
      <Filter>ODB</Filter>
    </ClInclude>
  </ItemGroup>
  <ItemGroup>
    <None Include="ODB-ixx\event-odb.ixx">
      <Filter>ODB</Filter>
    </None>
    <None Include="ODB-ixx\image-odb.ixx">
      <Filter>ODB</Filter>
    </None>
    <None Include="ODB-ixx\tardis-odb.ixx">
      <Filter>ODB</Filter>
    </None>
    <None Include="ODB-ixx\track-odb.ixx">
      <Filter>ODB</Filter>
    </None>
    <None Include="ODB-ixx\user-odb.ixx">
      <Filter>ODB</Filter>
    </None>
    <None Include="ODB-sql\event.sql">
      <Filter>ODB</Filter>
    </None>
    <None Include="ODB-sql\image.sql">
      <Filter>ODB</Filter>
    </None>
    <None Include="ODB-sql\tardis.sql">
      <Filter>ODB</Filter>
    </None>
    <None Include="ODB-sql\track.sql">
      <Filter>ODB</Filter>
    </None>
    <None Include="ODB-sql\user.sql">
      <Filter>ODB</Filter>
    </None>
  </ItemGroup>
  <ItemGroup>
    <QtUic Include="UI\addeventdialog.ui">
      <Filter>UI</Filter>
    </QtUic>
    <QtUic Include="UI\adminwindow.ui">
      <Filter>UI</Filter>
    </QtUic>
    <QtUic Include="UI\mainwindow.ui">
      <Filter>UI</Filter>
    </QtUic>
    <QtUic Include="UI\userwindow.ui">
      <Filter>UI</Filter>
    </QtUic>
  </ItemGroup>
</Project>